
Microsoft Visual Studio Solution File, Format Version 12.00
# Visual Studio Version 16
VisualStudioVersion = 16.0.32228.343
MinimumVisualStudioVersion = 10.0.40219.1
Project("{FAE04EC0-301F-11D3-BF4B-00C04F79EFBC}") = "currenceconverter", "currenceconverter.csproj", "{58DBFB39-0290-44EA-8359-A77B3D774DDB}"
EndProject
Global
	GlobalSection(SolutionConfigurationPlatforms) = preSolution
		Debug|Any CPU = Debug|Any CPU
		Release|Any CPU = Release|Any CPU
	EndGlobalSection
	GlobalSection(ProjectConfigurationPlatforms) = postSolution
		{58DBFB39-0290-44EA-8359-A77B3D774DDB}.Debug|Any CPU.ActiveCfg = Debug|Any CPU
		{58DBFB39-0290-44EA-8359-A77B3D774DDB}.Debug|Any CPU.Build.0 = Debug|Any CPU
		{58DBFB39-0290-44EA-8359-A77B3D774DDB}.Release|Any CPU.ActiveCfg = Release|Any CPU
		{58DBFB39-0290-44EA-8359-A77B3D774DDB}.Release|Any CPU.Build.0 = Release|Any CPU
	EndGlobalSection
	GlobalSection(SolutionProperties) = preSolution
		HideSolutionNode = FALSE
	EndGlobalSection
	GlobalSection(ExtensibilityGlobals) = postSolution
		SolutionGuid = {7ECA1A01-1317-4B02-95D8-D2C540CC73ED}
	EndGlobalSection
EndGlobal
