
Microsoft Visual Studio Solution File, Format Version 12.00
# Visual Studio Version 16
VisualStudioVersion = 16.0.32106.194
MinimumVisualStudioVersion = 10.0.40219.1
Project("{FAE04EC0-301F-11D3-BF4B-00C04F79EFBC}") = "WindowsFormsApp3", "WindowsFormsApp3\WindowsFormsApp3.csproj", "{EDC6E41E-0314-48CF-8C3C-49A1DECA7F07}"
EndProject
Global
	GlobalSection(SolutionConfigurationPlatforms) = preSolution
		Debug|Any CPU = Debug|Any CPU
		Release|Any CPU = Release|Any CPU
	EndGlobalSection
	GlobalSection(ProjectConfigurationPlatforms) = postSolution
		{EDC6E41E-0314-48CF-8C3C-49A1DECA7F07}.Debug|Any CPU.ActiveCfg = Debug|Any CPU
		{EDC6E41E-0314-48CF-8C3C-49A1DECA7F07}.Debug|Any CPU.Build.0 = Debug|Any CPU
		{EDC6E41E-0314-48CF-8C3C-49A1DECA7F07}.Release|Any CPU.ActiveCfg = Release|Any CPU
		{EDC6E41E-0314-48CF-8C3C-49A1DECA7F07}.Release|Any CPU.Build.0 = Release|Any CPU
	EndGlobalSection
	GlobalSection(SolutionProperties) = preSolution
		HideSolutionNode = FALSE
	EndGlobalSection
	GlobalSection(ExtensibilityGlobals) = postSolution
		SolutionGuid = {692EBE93-2825-4EB8-838C-D52208E53EDE}
	EndGlobalSection
EndGlobal
